{
  "name": "create-viction-dapp",
  "version": "1.0.0",
  "lockfileVersion": 3,
  "requires": true,
  "packages": {
    "": {
      "name": "create-viction-dapp",
      "version": "1.0.0",
      "license": "ISC",
      "bin": {
        "create-viction-dapp": "create-viction-dapp.js"
      }
    }
  }
}
